<?xml version="1.0" encoding="utf-8"?>
<Project ToolsVersion="4.0" xmlns="http://schemas.microsoft.com/developer/msbuild/2003">
  <ItemGroup>
    <Filter Include="opengl-engine">
      <UniqueIdentifier>{d82a8ad7-5885-4504-b2a9-bf9efe83ff7a}</UniqueIdentifier>
    </Filter>
    <Filter Include="opengl-engine\Mesh">
      <UniqueIdentifier>{93995380-89BD-4b04-88EB-625FBE52EBFB}</UniqueIdentifier>
      <Extensions>h;hh;hpp;hxx;hm;inl;inc;xsd</Extensions>
    </Filter>
    <Filter Include="opengl-engine\glad">
      <UniqueIdentifier>{23672e5f-a30c-4428-9c31-6002b14127fa}</UniqueIdentifier>
    </Filter>
    <Filter Include="opengl-engine\tiny_obj_loader">
      <UniqueIdentifier>{af8931ab-b1af-4dc8-8b1f-64acb7650aef}</UniqueIdentifier>
    </Filter>
    <Filter Include="opengl-engine\stb">
      <UniqueIdentifier>{00c4375c-54a3-4fae-a565-a3bf24e531a2}</UniqueIdentifier>
    </Filter>
    <Filter Include="opengl-engine\Shading">
      <UniqueIdentifier>{9031ba8b-b8ac-4059-8dc5-c3a789b8600c}</UniqueIdentifier>
    </Filter>
    <Filter Include="opengl-engine\Renderer">
      <UniqueIdentifier>{82c73783-00de-4705-875a-433e26e685ef}</UniqueIdentifier>
    </Filter>
    <Filter Include="opengl-engine\Shaders">
      <UniqueIdentifier>{20287652-032b-4c82-8ecb-e4c582956d40}</UniqueIdentifier>
    </Filter>
    <Filter Include="opengl-engine\Lighting">
      <UniqueIdentifier>{64d3c258-2809-4f2f-8e31-e3af29394917}</UniqueIdentifier>
    </Filter>
    <Filter Include="opengl-engine\Camera">
      <UniqueIdentifier>{5eb99335-777d-432d-b09d-ae0a1b194df6}</UniqueIdentifier>
    </Filter>
    <Filter Include="opengl-engine\Scene">
      <UniqueIdentifier>{ddfd1a48-3f6c-4316-bf28-90d5396977d4}</UniqueIdentifier>
    </Filter>
  </ItemGroup>
  <ItemGroup>
    <ClCompile Include="Game.cpp">
      <Filter>opengl-engine</Filter>
    </ClCompile>
    <ClCompile Include="program.cpp">
      <Filter>opengl-engine</Filter>
    </ClCompile>
    <ClCompile Include="ResourceManager.cpp">
      <Filter>opengl-engine</Filter>
    </ClCompile>
    <ClCompile Include="glad.c">
      <Filter>opengl-engine\glad</Filter>
    </ClCompile>
    <ClCompile Include="ModelRenderer.cpp">
      <Filter>opengl-engine\Renderer</Filter>
    </ClCompile>
    <ClCompile Include="Mesh.cpp">
      <Filter>opengl-engine\Mesh</Filter>
    </ClCompile>
    <ClCompile Include="Shader.cpp">
      <Filter>opengl-engine\Shading</Filter>
    </ClCompile>
    <ClCompile Include="stb_image.cpp">
      <Filter>opengl-engine\stb</Filter>
    </ClCompile>
    <ClCompile Include="tiny_obj_loader.cpp">
      <Filter>opengl-engine\tiny_obj_loader</Filter>
    </ClCompile>
    <ClCompile Include="Texture.cpp">
      <Filter>opengl-engine\Shading</Filter>
    </ClCompile>
    <ClCompile Include="SpriteRenderer.cpp">
      <Filter>opengl-engine\Renderer</Filter>
    </ClCompile>
    <ClCompile Include="Camera.cpp">
      <Filter>opengl-engine\Camera</Filter>
    </ClCompile>
    <ClCompile Include="Cube.cpp">
      <Filter>opengl-engine\Mesh</Filter>
    </ClCompile>
    <ClCompile Include="Renderer.cpp">
      <Filter>opengl-engine\Renderer</Filter>
    </ClCompile>
    <ClCompile Include="Plane.cpp">
      <Filter>opengl-engine\Mesh</Filter>
    </ClCompile>
    <ClCompile Include="Material.cpp">
      <Filter>opengl-engine\Shading</Filter>
    </ClCompile>
    <ClCompile Include="GameObject.cpp">
      <Filter>opengl-engine</Filter>
    </ClCompile>
  </ItemGroup>
  <ItemGroup>
    <ClInclude Include="Debug.h">
      <Filter>opengl-engine</Filter>
    </ClInclude>
    <ClInclude Include="Game.h">
      <Filter>opengl-engine</Filter>
    </ClInclude>
    <ClInclude Include="ResourceManager.h">
      <Filter>opengl-engine</Filter>
    </ClInclude>
    <ClInclude Include="ModelRenderer.h">
      <Filter>opengl-engine\Renderer</Filter>
    </ClInclude>
    <ClInclude Include="Mesh.h">
      <Filter>opengl-engine\Mesh</Filter>
    </ClInclude>
    <ClInclude Include="Shader.h">
      <Filter>opengl-engine\Shading</Filter>
    </ClInclude>
    <ClInclude Include="tiny_obj_loader.h">
      <Filter>opengl-engine\tiny_obj_loader</Filter>
    </ClInclude>
    <ClInclude Include="Texture.h">
      <Filter>opengl-engine\Shading</Filter>
    </ClInclude>
    <ClInclude Include="SpriteRenderer.h">
      <Filter>opengl-engine\Renderer</Filter>
    </ClInclude>
    <ClInclude Include="Camera.h">
      <Filter>opengl-engine\Camera</Filter>
    </ClInclude>
    <ClInclude Include="Cube.h">
      <Filter>opengl-engine\Mesh</Filter>
    </ClInclude>
    <ClInclude Include="Renderer.h">
      <Filter>opengl-engine\Renderer</Filter>
    </ClInclude>
    <ClInclude Include="Plane.h">
      <Filter>opengl-engine\Mesh</Filter>
    </ClInclude>
    <ClInclude Include="Scene.h">
      <Filter>opengl-engine\Scene</Filter>
    </ClInclude>
    <ClInclude Include="DirectionalLight.h">
      <Filter>opengl-engine\Lighting</Filter>
    </ClInclude>
    <ClInclude Include="Material.h">
      <Filter>opengl-engine\Shading</Filter>
    </ClInclude>
    <ClInclude Include="GameObject.h">
      <Filter>opengl-engine</Filter>
    </ClInclude>
    <ClInclude Include="TestGameObject.h">
      <Filter>opengl-engine</Filter>
    </ClInclude>
  </ItemGroup>
  <ItemGroup>
    <None Include="shaders\screen.frag">
      <Filter>opengl-engine\Shaders</Filter>
    </None>
    <None Include="shaders\screen.vert">
      <Filter>opengl-engine\Shaders</Filter>
    </None>
    <None Include="shaders\shader.frag">
      <Filter>opengl-engine\Shaders</Filter>
    </None>
    <None Include="shaders\shader.vert">
      <Filter>opengl-engine\Shaders</Filter>
    </None>
    <None Include="shaders\text.frag">
      <Filter>opengl-engine\Shaders</Filter>
    </None>
    <None Include="shaders\text.vert">
      <Filter>opengl-engine\Shaders</Filter>
    </None>
    <None Include="shaders\sprite.frag">
      <Filter>opengl-engine\Shaders</Filter>
    </None>
    <None Include="shaders\sprite.vert">
      <Filter>opengl-engine\Shaders</Filter>
    </None>
    <None Include="shaders\default.frag">
      <Filter>opengl-engine\Shaders</Filter>
    </None>
    <None Include="shaders\default.vert">
      <Filter>opengl-engine\Shaders</Filter>
    </None>
  </ItemGroup>
</Project>